{
  "requires": true,
  "lockfileVersion": 1,
  "dependencies": {
    "gojs": {
      "version": "1.8.29",
      "resolved": "https://registry.npmjs.org/gojs/-/gojs-1.8.29.tgz",
      "integrity": "sha512-jt+gc99S/t2+XYqDxfRLo+FKttmt6brLaXNuYxjGIOZtwHbJrFAfH10f3R5mwNe6oTmBOiOIA1okwhwII1c/eA=="
    }
  }
}
